
Microsoft Visual Studio Solution File, Format Version 12.00
# Visual Studio 14
VisualStudioVersion = 14.0.25420.1
MinimumVisualStudioVersion = 10.0.40219.1
Project("{FAE04EC0-301F-11D3-BF4B-00C04F79EFBC}") = "StructsEqualsBug", "StructsEqualsBug\StructsEqualsBug.csproj", "{B50CDB77-A5C7-48C2-B6E3-606501AC7816}"
EndProject
Project("{FAE04EC0-301F-11D3-BF4B-00C04F79EFBC}") = "StructureEqualsMeasurements", "StructureEqualsMeasurements\StructureEqualsMeasurements.csproj", "{B2F0CF00-6430-4412-8BF4-7A461D736666}"
EndProject
Global
	GlobalSection(SolutionConfigurationPlatforms) = preSolution
		Debug|Any CPU = Debug|Any CPU
		Release|Any CPU = Release|Any CPU
	EndGlobalSection
	GlobalSection(ProjectConfigurationPlatforms) = postSolution
		{B50CDB77-A5C7-48C2-B6E3-606501AC7816}.Debug|Any CPU.ActiveCfg = Debug|Any CPU
		{B50CDB77-A5C7-48C2-B6E3-606501AC7816}.Debug|Any CPU.Build.0 = Debug|Any CPU
		{B50CDB77-A5C7-48C2-B6E3-606501AC7816}.Release|Any CPU.ActiveCfg = Release|Any CPU
		{B50CDB77-A5C7-48C2-B6E3-606501AC7816}.Release|Any CPU.Build.0 = Release|Any CPU
		{B2F0CF00-6430-4412-8BF4-7A461D736666}.Debug|Any CPU.ActiveCfg = Debug|Any CPU
		{B2F0CF00-6430-4412-8BF4-7A461D736666}.Debug|Any CPU.Build.0 = Debug|Any CPU
		{B2F0CF00-6430-4412-8BF4-7A461D736666}.Release|Any CPU.ActiveCfg = Release|Any CPU
		{B2F0CF00-6430-4412-8BF4-7A461D736666}.Release|Any CPU.Build.0 = Release|Any CPU
	EndGlobalSection
	GlobalSection(SolutionProperties) = preSolution
		HideSolutionNode = FALSE
	EndGlobalSection
EndGlobal
